// !$*UTF8*$!
{
	archiveVersion = 1;
	classes = {
	};
	objectVersion = 56;
	objects = {

/* Begin PBXBuildFile section */
		42422C7929ABA2AF0014401A /* MCBodyLabel.swift in Sources */ = {isa = PBXBuildFile; fileRef = 42422C7829ABA2AF0014401A /* MCBodyLabel.swift */; };
		42422C7C29ABD4AF0014401A /* MCImageView.swift in Sources */ = {isa = PBXBuildFile; fileRef = 42422C7B29ABD4AF0014401A /* MCImageView.swift */; };
		42422C7E29ABDB2E0014401A /* MCError.swift in Sources */ = {isa = PBXBuildFile; fileRef = 42422C7D29ABDB2E0014401A /* MCError.swift */; };
		42422C8029ACFD190014401A /* InfoPlistParser.swift in Sources */ = {isa = PBXBuildFile; fileRef = 42422C7F29ACFD180014401A /* InfoPlistParser.swift */; };
		4267D14E29A7E68700671EDF /* UIFont+Ext.swift in Sources */ = {isa = PBXBuildFile; fileRef = 4267D14D29A7E68700671EDF /* UIFont+Ext.swift */; };
		4267D15129A7E6EB00671EDF /* Constants.swift in Sources */ = {isa = PBXBuildFile; fileRef = 4267D15029A7E6EB00671EDF /* Constants.swift */; };
		4267D15329A7EA2700671EDF /* UIHelper.swift in Sources */ = {isa = PBXBuildFile; fileRef = 4267D15229A7EA2700671EDF /* UIHelper.swift */; };
		4267D15629A8E8B400671EDF /* NetworkingManager.swift in Sources */ = {isa = PBXBuildFile; fileRef = 4267D15529A8E8B400671EDF /* NetworkingManager.swift */; };
		4267D15929A8F4AB00671EDF /* MarvelCharacter.swift in Sources */ = {isa = PBXBuildFile; fileRef = 4267D15829A8F4AB00671EDF /* MarvelCharacter.swift */; };
		4267D15D29AA2EDA00671EDF /* MCCharacterCell.swift in Sources */ = {isa = PBXBuildFile; fileRef = 4267D15C29AA2EDA00671EDF /* MCCharacterCell.swift */; };
		4267D15F29AA2F6900671EDF /* MCTitleLabel.swift in Sources */ = {isa = PBXBuildFile; fileRef = 4267D15E29AA2F6900671EDF /* MCTitleLabel.swift */; };
		4267D16229AA353A00671EDF /* UIView+Ext.swift in Sources */ = {isa = PBXBuildFile; fileRef = 4267D16129AA353A00671EDF /* UIView+Ext.swift */; };
		426D37DF29AE1B9B00D4B734 /* SpinningCircleView.swift in Sources */ = {isa = PBXBuildFile; fileRef = 426D37DE29AE1B9B00D4B734 /* SpinningCircleView.swift */; };
		426D37E129AFC27400D4B734 /* CharacterDetailsVC.swift in Sources */ = {isa = PBXBuildFile; fileRef = 426D37E029AFC27400D4B734 /* CharacterDetailsVC.swift */; };
		426D37E329B0B7F800D4B734 /* UIImage+Ext.swift in Sources */ = {isa = PBXBuildFile; fileRef = 426D37E229B0B7F800D4B734 /* UIImage+Ext.swift */; };
		426D37E629B0D1FA00D4B734 /* CollectionVC.swift in Sources */ = {isa = PBXBuildFile; fileRef = 426D37E529B0D1FA00D4B734 /* CollectionVC.swift */; };
		426D37EB29B0F72000D4B734 /* MCCollectionViewCell.swift in Sources */ = {isa = PBXBuildFile; fileRef = 426D37EA29B0F72000D4B734 /* MCCollectionViewCell.swift */; };
		426D37F329B23AC900D4B734 /* MCCollectionItem.swift in Sources */ = {isa = PBXBuildFile; fileRef = 426D37F229B23AC900D4B734 /* MCCollectionItem.swift */; };
		426D37F729B2437500D4B734 /* CreatorList.swift in Sources */ = {isa = PBXBuildFile; fileRef = 426D37F629B2437500D4B734 /* CreatorList.swift */; };
		426D37F929B243D200D4B734 /* MCImage.swift in Sources */ = {isa = PBXBuildFile; fileRef = 426D37F829B243D200D4B734 /* MCImage.swift */; };
		426D37FF29B7695300D4B734 /* MCDataLoadingVC.swift in Sources */ = {isa = PBXBuildFile; fileRef = 426D37FE29B7695300D4B734 /* MCDataLoadingVC.swift */; };
		4280E71429A7D25100A97CB1 /* marvel2.otf in Resources */ = {isa = PBXBuildFile; fileRef = 4280E71329A7D25000A97CB1 /* marvel2.otf */; };
		428A9AF129A6848C00DFE892 /* AppDelegate.swift in Sources */ = {isa = PBXBuildFile; fileRef = 428A9AF029A6848C00DFE892 /* AppDelegate.swift */; };
		428A9AF329A6848C00DFE892 /* SceneDelegate.swift in Sources */ = {isa = PBXBuildFile; fileRef = 428A9AF229A6848C00DFE892 /* SceneDelegate.swift */; };
		428A9AF529A6848C00DFE892 /* CharactersListVC.swift in Sources */ = {isa = PBXBuildFile; fileRef = 428A9AF429A6848C00DFE892 /* CharactersListVC.swift */; };
		428A9AFA29A6849200DFE892 /* Assets.xcassets in Resources */ = {isa = PBXBuildFile; fileRef = 428A9AF929A6849200DFE892 /* Assets.xcassets */; };
		428A9AFD29A6849200DFE892 /* LaunchScreen.storyboard in Resources */ = {isa = PBXBuildFile; fileRef = 428A9AFB29A6849200DFE892 /* LaunchScreen.storyboard */; };
		428A9B0829A6849300DFE892 /* MarvelCharactersTests.swift in Sources */ = {isa = PBXBuildFile; fileRef = 428A9B0729A6849300DFE892 /* MarvelCharactersTests.swift */; };
		428A9B1229A6849300DFE892 /* MarvelCharactersUITests.swift in Sources */ = {isa = PBXBuildFile; fileRef = 428A9B1129A6849300DFE892 /* MarvelCharactersUITests.swift */; };
		428A9B1429A6849300DFE892 /* MarvelCharactersUITestsLaunchTests.swift in Sources */ = {isa = PBXBuildFile; fileRef = 428A9B1329A6849300DFE892 /* MarvelCharactersUITestsLaunchTests.swift */; };
		429C7BFC29B7887500F20E93 /* MCCollectionItemDetailsVC.swift in Sources */ = {isa = PBXBuildFile; fileRef = 429C7BFB29B7887500F20E93 /* MCCollectionItemDetailsVC.swift */; };
		429C7BFE29BF39C900F20E93 /* MCCreatorTableViewCell.swift in Sources */ = {isa = PBXBuildFile; fileRef = 429C7BFD29BF39C800F20E93 /* MCCreatorTableViewCell.swift */; };
		5C4E508C49D1F059F44A915E /* Pods_MarvelCharacters_MarvelCharactersUITests.framework in Frameworks */ = {isa = PBXBuildFile; fileRef = B57BBB594DA7964090C7E85A /* Pods_MarvelCharacters_MarvelCharactersUITests.framework */; };
		5D1B14E320D083677AF6A2FF /* Pods_MarvelCharacters.framework in Frameworks */ = {isa = PBXBuildFile; fileRef = 5BA192CDEC4AD0725B1715E1 /* Pods_MarvelCharacters.framework */; };
		DE333FA0A94135B24716C5D1 /* Pods_MarvelCharactersTests.framework in Frameworks */ = {isa = PBXBuildFile; fileRef = 004CEA13C9C5391EC5388102 /* Pods_MarvelCharactersTests.framework */; };
/* End PBXBuildFile section */

/* Begin PBXContainerItemProxy section */
		428A9B0429A6849300DFE892 /* PBXContainerItemProxy */ = {
			isa = PBXContainerItemProxy;
			containerPortal = 428A9AE529A6848C00DFE892 /* Project object */;
			proxyType = 1;
			remoteGlobalIDString = 428A9AEC29A6848C00DFE892;
			remoteInfo = MarvelCharacters;
		};
		428A9B0E29A6849300DFE892 /* PBXContainerItemProxy */ = {
			isa = PBXContainerItemProxy;
			containerPortal = 428A9AE529A6848C00DFE892 /* Project object */;
			proxyType = 1;
			remoteGlobalIDString = 428A9AEC29A6848C00DFE892;
			remoteInfo = MarvelCharacters;
		};
/* End PBXContainerItemProxy section */

/* Begin PBXFileReference section */
		004CEA13C9C5391EC5388102 /* Pods_MarvelCharactersTests.framework */ = {isa = PBXFileReference; explicitFileType = wrapper.framework; includeInIndex = 0; path = Pods_MarvelCharactersTests.framework; sourceTree = BUILT_PRODUCTS_DIR; };
		245846051AA48AA34E5FA84E /* Pods-MarvelCharacters-MarvelCharactersUITests.debug.xcconfig */ = {isa = PBXFileReference; includeInIndex = 1; lastKnownFileType = text.xcconfig; name = "Pods-MarvelCharacters-MarvelCharactersUITests.debug.xcconfig"; path = "Target Support Files/Pods-MarvelCharacters-MarvelCharactersUITests/Pods-MarvelCharacters-MarvelCharactersUITests.debug.xcconfig"; sourceTree = "<group>"; };
		24AE3FE3EB4F38B09A2B3E5B /* Pods-MarvelCharacters-MarvelCharactersUITests.release.xcconfig */ = {isa = PBXFileReference; includeInIndex = 1; lastKnownFileType = text.xcconfig; name = "Pods-MarvelCharacters-MarvelCharactersUITests.release.xcconfig"; path = "Target Support Files/Pods-MarvelCharacters-MarvelCharactersUITests/Pods-MarvelCharacters-MarvelCharactersUITests.release.xcconfig"; sourceTree = "<group>"; };
		2B4B9C5DC60395B93F9F8A7E /* Pods-MarvelCharacters.debug.xcconfig */ = {isa = PBXFileReference; includeInIndex = 1; lastKnownFileType = text.xcconfig; name = "Pods-MarvelCharacters.debug.xcconfig"; path = "Target Support Files/Pods-MarvelCharacters/Pods-MarvelCharacters.debug.xcconfig"; sourceTree = "<group>"; };
		2D45D862D0728EA9C0070C11 /* Pods-MarvelCharactersTests.release.xcconfig */ = {isa = PBXFileReference; includeInIndex = 1; lastKnownFileType = text.xcconfig; name = "Pods-MarvelCharactersTests.release.xcconfig"; path = "Target Support Files/Pods-MarvelCharactersTests/Pods-MarvelCharactersTests.release.xcconfig"; sourceTree = "<group>"; };
		33D7A4CE1FA34F742751F30D /* Pods-MarvelCharactersTests.debug.xcconfig */ = {isa = PBXFileReference; includeInIndex = 1; lastKnownFileType = text.xcconfig; name = "Pods-MarvelCharactersTests.debug.xcconfig"; path = "Target Support Files/Pods-MarvelCharactersTests/Pods-MarvelCharactersTests.debug.xcconfig"; sourceTree = "<group>"; };
		42422C7829ABA2AF0014401A /* MCBodyLabel.swift */ = {isa = PBXFileReference; lastKnownFileType = sourcecode.swift; path = MCBodyLabel.swift; sourceTree = "<group>"; };
		42422C7B29ABD4AF0014401A /* MCImageView.swift */ = {isa = PBXFileReference; lastKnownFileType = sourcecode.swift; path = MCImageView.swift; sourceTree = "<group>"; };
		42422C7D29ABDB2E0014401A /* MCError.swift */ = {isa = PBXFileReference; lastKnownFileType = sourcecode.swift; path = MCError.swift; sourceTree = "<group>"; };
		42422C7F29ACFD180014401A /* InfoPlistParser.swift */ = {isa = PBXFileReference; lastKnownFileType = sourcecode.swift; path = InfoPlistParser.swift; sourceTree = "<group>"; };
		4267D14D29A7E68700671EDF /* UIFont+Ext.swift */ = {isa = PBXFileReference; lastKnownFileType = sourcecode.swift; path = "UIFont+Ext.swift"; sourceTree = "<group>"; };
		4267D15029A7E6EB00671EDF /* Constants.swift */ = {isa = PBXFileReference; lastKnownFileType = sourcecode.swift; path = Constants.swift; sourceTree = "<group>"; };
		4267D15229A7EA2700671EDF /* UIHelper.swift */ = {isa = PBXFileReference; lastKnownFileType = sourcecode.swift; path = UIHelper.swift; sourceTree = "<group>"; };
		4267D15529A8E8B400671EDF /* NetworkingManager.swift */ = {isa = PBXFileReference; lastKnownFileType = sourcecode.swift; path = NetworkingManager.swift; sourceTree = "<group>"; };
		4267D15829A8F4AB00671EDF /* MarvelCharacter.swift */ = {isa = PBXFileReference; lastKnownFileType = sourcecode.swift; path = MarvelCharacter.swift; sourceTree = "<group>"; };
		4267D15C29AA2EDA00671EDF /* MCCharacterCell.swift */ = {isa = PBXFileReference; lastKnownFileType = sourcecode.swift; path = MCCharacterCell.swift; sourceTree = "<group>"; };
		4267D15E29AA2F6900671EDF /* MCTitleLabel.swift */ = {isa = PBXFileReference; lastKnownFileType = sourcecode.swift; path = MCTitleLabel.swift; sourceTree = "<group>"; };
		4267D16129AA353A00671EDF /* UIView+Ext.swift */ = {isa = PBXFileReference; lastKnownFileType = sourcecode.swift; path = "UIView+Ext.swift"; sourceTree = "<group>"; };
		426D37DE29AE1B9B00D4B734 /* SpinningCircleView.swift */ = {isa = PBXFileReference; lastKnownFileType = sourcecode.swift; path = SpinningCircleView.swift; sourceTree = "<group>"; };
		426D37E029AFC27400D4B734 /* CharacterDetailsVC.swift */ = {isa = PBXFileReference; lastKnownFileType = sourcecode.swift; path = CharacterDetailsVC.swift; sourceTree = "<group>"; };
		426D37E229B0B7F800D4B734 /* UIImage+Ext.swift */ = {isa = PBXFileReference; lastKnownFileType = sourcecode.swift; path = "UIImage+Ext.swift"; sourceTree = "<group>"; };
		426D37E529B0D1FA00D4B734 /* CollectionVC.swift */ = {isa = PBXFileReference; lastKnownFileType = sourcecode.swift; path = CollectionVC.swift; sourceTree = "<group>"; };
		426D37EA29B0F72000D4B734 /* MCCollectionViewCell.swift */ = {isa = PBXFileReference; lastKnownFileType = sourcecode.swift; path = MCCollectionViewCell.swift; sourceTree = "<group>"; };
		426D37F229B23AC900D4B734 /* MCCollectionItem.swift */ = {isa = PBXFileReference; lastKnownFileType = sourcecode.swift; path = MCCollectionItem.swift; sourceTree = "<group>"; };
		426D37F629B2437500D4B734 /* CreatorList.swift */ = {isa = PBXFileReference; lastKnownFileType = sourcecode.swift; path = CreatorList.swift; sourceTree = "<group>"; };
		426D37F829B243D200D4B734 /* MCImage.swift */ = {isa = PBXFileReference; lastKnownFileType = sourcecode.swift; path = MCImage.swift; sourceTree = "<group>"; };
		426D37FE29B7695300D4B734 /* MCDataLoadingVC.swift */ = {isa = PBXFileReference; lastKnownFileType = sourcecode.swift; path = MCDataLoadingVC.swift; sourceTree = "<group>"; };
		4280E71329A7D25000A97CB1 /* marvel2.otf */ = {isa = PBXFileReference; lastKnownFileType = file; path = marvel2.otf; sourceTree = "<group>"; };
		428A9AED29A6848C00DFE892 /* MarvelCharacters.app */ = {isa = PBXFileReference; explicitFileType = wrapper.application; includeInIndex = 0; path = MarvelCharacters.app; sourceTree = BUILT_PRODUCTS_DIR; };
		428A9AF029A6848C00DFE892 /* AppDelegate.swift */ = {isa = PBXFileReference; lastKnownFileType = sourcecode.swift; path = AppDelegate.swift; sourceTree = "<group>"; };
		428A9AF229A6848C00DFE892 /* SceneDelegate.swift */ = {isa = PBXFileReference; lastKnownFileType = sourcecode.swift; path = SceneDelegate.swift; sourceTree = "<group>"; };
		428A9AF429A6848C00DFE892 /* CharactersListVC.swift */ = {isa = PBXFileReference; lastKnownFileType = sourcecode.swift; path = CharactersListVC.swift; sourceTree = "<group>"; };
		428A9AF929A6849200DFE892 /* Assets.xcassets */ = {isa = PBXFileReference; lastKnownFileType = folder.assetcatalog; path = Assets.xcassets; sourceTree = "<group>"; };
		428A9AFC29A6849200DFE892 /* Base */ = {isa = PBXFileReference; lastKnownFileType = file.storyboard; name = Base; path = Base.lproj/LaunchScreen.storyboard; sourceTree = "<group>"; };
		428A9AFE29A6849200DFE892 /* Info.plist */ = {isa = PBXFileReference; lastKnownFileType = text.plist.xml; path = Info.plist; sourceTree = "<group>"; };
		428A9B0329A6849300DFE892 /* MarvelCharactersTests.xctest */ = {isa = PBXFileReference; explicitFileType = wrapper.cfbundle; includeInIndex = 0; path = MarvelCharactersTests.xctest; sourceTree = BUILT_PRODUCTS_DIR; };
		428A9B0729A6849300DFE892 /* MarvelCharactersTests.swift */ = {isa = PBXFileReference; lastKnownFileType = sourcecode.swift; path = MarvelCharactersTests.swift; sourceTree = "<group>"; };
		428A9B0D29A6849300DFE892 /* MarvelCharactersUITests.xctest */ = {isa = PBXFileReference; explicitFileType = wrapper.cfbundle; includeInIndex = 0; path = MarvelCharactersUITests.xctest; sourceTree = BUILT_PRODUCTS_DIR; };
		428A9B1129A6849300DFE892 /* MarvelCharactersUITests.swift */ = {isa = PBXFileReference; lastKnownFileType = sourcecode.swift; path = MarvelCharactersUITests.swift; sourceTree = "<group>"; };
		428A9B1329A6849300DFE892 /* MarvelCharactersUITestsLaunchTests.swift */ = {isa = PBXFileReference; lastKnownFileType = sourcecode.swift; path = MarvelCharactersUITestsLaunchTests.swift; sourceTree = "<group>"; };
		429C7BFB29B7887500F20E93 /* MCCollectionItemDetailsVC.swift */ = {isa = PBXFileReference; lastKnownFileType = sourcecode.swift; path = MCCollectionItemDetailsVC.swift; sourceTree = "<group>"; };
		429C7BFD29BF39C800F20E93 /* MCCreatorTableViewCell.swift */ = {isa = PBXFileReference; lastKnownFileType = sourcecode.swift; path = MCCreatorTableViewCell.swift; sourceTree = "<group>"; };
		5BA192CDEC4AD0725B1715E1 /* Pods_MarvelCharacters.framework */ = {isa = PBXFileReference; explicitFileType = wrapper.framework; includeInIndex = 0; path = Pods_MarvelCharacters.framework; sourceTree = BUILT_PRODUCTS_DIR; };
		B57BBB594DA7964090C7E85A /* Pods_MarvelCharacters_MarvelCharactersUITests.framework */ = {isa = PBXFileReference; explicitFileType = wrapper.framework; includeInIndex = 0; path = Pods_MarvelCharacters_MarvelCharactersUITests.framework; sourceTree = BUILT_PRODUCTS_DIR; };
		CC9CAE5C328918A8E9CF842C /* Pods-MarvelCharacters.release.xcconfig */ = {isa = PBXFileReference; includeInIndex = 1; lastKnownFileType = text.xcconfig; name = "Pods-MarvelCharacters.release.xcconfig"; path = "Target Support Files/Pods-MarvelCharacters/Pods-MarvelCharacters.release.xcconfig"; sourceTree = "<group>"; };
/* End PBXFileReference section */

/* Begin PBXFrameworksBuildPhase section */
		428A9AEA29A6848C00DFE892 /* Frameworks */ = {
			isa = PBXFrameworksBuildPhase;
			buildActionMask = 2147483647;
			files = (
				5D1B14E320D083677AF6A2FF /* Pods_MarvelCharacters.framework in Frameworks */,
			);
			runOnlyForDeploymentPostprocessing = 0;
		};
		428A9B0029A6849300DFE892 /* Frameworks */ = {
			isa = PBXFrameworksBuildPhase;
			buildActionMask = 2147483647;
			files = (
				DE333FA0A94135B24716C5D1 /* Pods_MarvelCharactersTests.framework in Frameworks */,
			);
			runOnlyForDeploymentPostprocessing = 0;
		};
		428A9B0A29A6849300DFE892 /* Frameworks */ = {
			isa = PBXFrameworksBuildPhase;
			buildActionMask = 2147483647;
			files = (
				5C4E508C49D1F059F44A915E /* Pods_MarvelCharacters_MarvelCharactersUITests.framework in Frameworks */,
			);
			runOnlyForDeploymentPostprocessing = 0;
		};
/* End PBXFrameworksBuildPhase section */

/* Begin PBXGroup section */
		42422C7A29ABD48F0014401A /* ImageViews */ = {
			isa = PBXGroup;
			children = (
				42422C7B29ABD4AF0014401A /* MCImageView.swift */,
			);
			path = ImageViews;
			sourceTree = "<group>";
		};
		4267D14C29A7E62400671EDF /* Extensions */ = {
			isa = PBXGroup;
			children = (
				4267D14D29A7E68700671EDF /* UIFont+Ext.swift */,
				4267D16129AA353A00671EDF /* UIView+Ext.swift */,
				426D37E229B0B7F800D4B734 /* UIImage+Ext.swift */,
			);
			path = Extensions;
			sourceTree = "<group>";
		};
		4267D14F29A7E6CD00671EDF /* Utilities */ = {
			isa = PBXGroup;
			children = (
				4267D15029A7E6EB00671EDF /* Constants.swift */,
				42422C7D29ABDB2E0014401A /* MCError.swift */,
				4267D15229A7EA2700671EDF /* UIHelper.swift */,
				42422C7F29ACFD180014401A /* InfoPlistParser.swift */,
			);
			path = Utilities;
			sourceTree = "<group>";
		};
		4267D15429A8E89E00671EDF /* Managers */ = {
			isa = PBXGroup;
			children = (
				4267D15529A8E8B400671EDF /* NetworkingManager.swift */,
			);
			path = Managers;
			sourceTree = "<group>";
		};
		4267D15729A8F46E00671EDF /* Model */ = {
			isa = PBXGroup;
			children = (
				4267D15829A8F4AB00671EDF /* MarvelCharacter.swift */,
				426D37F229B23AC900D4B734 /* MCCollectionItem.swift */,
				426D37F629B2437500D4B734 /* CreatorList.swift */,
				426D37F829B243D200D4B734 /* MCImage.swift */,
			);
			path = Model;
			sourceTree = "<group>";
		};
		4267D15A29AA2EA100671EDF /* CustomViews */ = {
			isa = PBXGroup;
			children = (
				426D380029B769AF00D4B734 /* ViewControllers */,
				426D37DB29AD153D00D4B734 /* Views */,
				42422C7A29ABD48F0014401A /* ImageViews */,
				4267D16029AA2F8100671EDF /* Labels */,
				4267D15B29AA2EB900671EDF /* Cells */,
			);
			path = CustomViews;
			sourceTree = "<group>";
		};
		4267D15B29AA2EB900671EDF /* Cells */ = {
			isa = PBXGroup;
			children = (
				4267D15C29AA2EDA00671EDF /* MCCharacterCell.swift */,
				426D37EA29B0F72000D4B734 /* MCCollectionViewCell.swift */,
				429C7BFD29BF39C800F20E93 /* MCCreatorTableViewCell.swift */,
			);
			path = Cells;
			sourceTree = "<group>";
		};
		4267D16029AA2F8100671EDF /* Labels */ = {
			isa = PBXGroup;
			children = (
				4267D15E29AA2F6900671EDF /* MCTitleLabel.swift */,
				42422C7829ABA2AF0014401A /* MCBodyLabel.swift */,
			);
			path = Labels;
			sourceTree = "<group>";
		};
		4267D16329AA38D300671EDF /* Screens */ = {
			isa = PBXGroup;
			children = (
				428A9AF429A6848C00DFE892 /* CharactersListVC.swift */,
				426D37E029AFC27400D4B734 /* CharacterDetailsVC.swift */,
				429C7BFB29B7887500F20E93 /* MCCollectionItemDetailsVC.swift */,
			);
			path = Screens;
			sourceTree = "<group>";
		};
		426D37DB29AD153D00D4B734 /* Views */ = {
			isa = PBXGroup;
			children = (
				426D37DE29AE1B9B00D4B734 /* SpinningCircleView.swift */,
			);
			path = Views;
			sourceTree = "<group>";
		};
		426D380029B769AF00D4B734 /* ViewControllers */ = {
			isa = PBXGroup;
			children = (
				426D37FE29B7695300D4B734 /* MCDataLoadingVC.swift */,
				426D37E529B0D1FA00D4B734 /* CollectionVC.swift */,
			);
			path = ViewControllers;
			sourceTree = "<group>";
		};
		4280E71029A7CEFE00A97CB1 /* fonts */ = {
			isa = PBXGroup;
			children = (
				4280E71329A7D25000A97CB1 /* marvel2.otf */,
			);
			path = fonts;
			sourceTree = "<group>";
		};
		428A9AE429A6848C00DFE892 = {
			isa = PBXGroup;
			children = (
				428A9AEF29A6848C00DFE892 /* MarvelCharacters */,
				428A9AF929A6849200DFE892 /* Assets.xcassets */,
				428A9AFB29A6849200DFE892 /* LaunchScreen.storyboard */,
				428A9B0629A6849300DFE892 /* MarvelCharactersTests */,
				428A9B1029A6849300DFE892 /* MarvelCharactersUITests */,
				428A9AEE29A6848C00DFE892 /* Products */,
				F6CA9C615772CF1AB7E2D4C4 /* Pods */,
				682AF1853BA035E5E058AB1C /* Frameworks */,
			);
			sourceTree = "<group>";
		};
		428A9AEE29A6848C00DFE892 /* Products */ = {
			isa = PBXGroup;
			children = (
				428A9AED29A6848C00DFE892 /* MarvelCharacters.app */,
				428A9B0329A6849300DFE892 /* MarvelCharactersTests.xctest */,
				428A9B0D29A6849300DFE892 /* MarvelCharactersUITests.xctest */,
			);
			name = Products;
			sourceTree = "<group>";
		};
		428A9AEF29A6848C00DFE892 /* MarvelCharacters */ = {
			isa = PBXGroup;
			children = (
				428A9AF029A6848C00DFE892 /* AppDelegate.swift */,
				428A9AF229A6848C00DFE892 /* SceneDelegate.swift */,
				428A9AFE29A6849200DFE892 /* Info.plist */,
				4267D14C29A7E62400671EDF /* Extensions */,
				4267D14F29A7E6CD00671EDF /* Utilities */,
				4267D15429A8E89E00671EDF /* Managers */,
				4267D15729A8F46E00671EDF /* Model */,
				4267D15A29AA2EA100671EDF /* CustomViews */,
				4267D16329AA38D300671EDF /* Screens */,
				4280E71029A7CEFE00A97CB1 /* fonts */,
			);
			path = MarvelCharacters;
			sourceTree = "<group>";
		};
		428A9B0629A6849300DFE892 /* MarvelCharactersTests */ = {
			isa = PBXGroup;
			children = (
				428A9B0729A6849300DFE892 /* MarvelCharactersTests.swift */,
			);
			path = MarvelCharactersTests;
			sourceTree = "<group>";
		};
		428A9B1029A6849300DFE892 /* MarvelCharactersUITests */ = {
			isa = PBXGroup;
			children = (
				428A9B1129A6849300DFE892 /* MarvelCharactersUITests.swift */,
				428A9B1329A6849300DFE892 /* MarvelCharactersUITestsLaunchTests.swift */,
			);
			path = MarvelCharactersUITests;
			sourceTree = "<group>";
		};
		682AF1853BA035E5E058AB1C /* Frameworks */ = {
			isa = PBXGroup;
			children = (
				5BA192CDEC4AD0725B1715E1 /* Pods_MarvelCharacters.framework */,
				B57BBB594DA7964090C7E85A /* Pods_MarvelCharacters_MarvelCharactersUITests.framework */,
				004CEA13C9C5391EC5388102 /* Pods_MarvelCharactersTests.framework */,
			);
			name = Frameworks;
			sourceTree = "<group>";
		};
		F6CA9C615772CF1AB7E2D4C4 /* Pods */ = {
			isa = PBXGroup;
			children = (
				2B4B9C5DC60395B93F9F8A7E /* Pods-MarvelCharacters.debug.xcconfig */,
				CC9CAE5C328918A8E9CF842C /* Pods-MarvelCharacters.release.xcconfig */,
				245846051AA48AA34E5FA84E /* Pods-MarvelCharacters-MarvelCharactersUITests.debug.xcconfig */,
				24AE3FE3EB4F38B09A2B3E5B /* Pods-MarvelCharacters-MarvelCharactersUITests.release.xcconfig */,
				33D7A4CE1FA34F742751F30D /* Pods-MarvelCharactersTests.debug.xcconfig */,
				2D45D862D0728EA9C0070C11 /* Pods-MarvelCharactersTests.release.xcconfig */,
			);
			path = Pods;
			sourceTree = "<group>";
		};
/* End PBXGroup section */

/* Begin PBXNativeTarget section */
		428A9AEC29A6848C00DFE892 /* MarvelCharacters */ = {
			isa = PBXNativeTarget;
			buildConfigurationList = 428A9B1729A6849400DFE892 /* Build configuration list for PBXNativeTarget "MarvelCharacters" */;
			buildPhases = (
				03A473F427AEFD4B7681952B /* [CP] Check Pods Manifest.lock */,
				428A9AE929A6848C00DFE892 /* Sources */,
				428A9AEA29A6848C00DFE892 /* Frameworks */,
				428A9AEB29A6848C00DFE892 /* Resources */,
				B0661C39FE2BC674B094A879 /* [CP] Embed Pods Frameworks */,
			);
			buildRules = (
			);
			dependencies = (
			);
			name = MarvelCharacters;
			productName = MarvelCharacters;
			productReference = 428A9AED29A6848C00DFE892 /* MarvelCharacters.app */;
			productType = "com.apple.product-type.application";
		};
		428A9B0229A6849300DFE892 /* MarvelCharactersTests */ = {
			isa = PBXNativeTarget;
			buildConfigurationList = 428A9B1A29A6849400DFE892 /* Build configuration list for PBXNativeTarget "MarvelCharactersTests" */;
			buildPhases = (
				9CE08FAF93B32F31B8D8C9BC /* [CP] Check Pods Manifest.lock */,
				428A9AFF29A6849300DFE892 /* Sources */,
				428A9B0029A6849300DFE892 /* Frameworks */,
				428A9B0129A6849300DFE892 /* Resources */,
			);
			buildRules = (
			);
			dependencies = (
				428A9B0529A6849300DFE892 /* PBXTargetDependency */,
			);
			name = MarvelCharactersTests;
			productName = MarvelCharactersTests;
			productReference = 428A9B0329A6849300DFE892 /* MarvelCharactersTests.xctest */;
			productType = "com.apple.product-type.bundle.unit-test";
		};
		428A9B0C29A6849300DFE892 /* MarvelCharactersUITests */ = {
			isa = PBXNativeTarget;
			buildConfigurationList = 428A9B1D29A6849400DFE892 /* Build configuration list for PBXNativeTarget "MarvelCharactersUITests" */;
			buildPhases = (
				5BB8F8242085C8110FEA0174 /* [CP] Check Pods Manifest.lock */,
				428A9B0929A6849300DFE892 /* Sources */,
				428A9B0A29A6849300DFE892 /* Frameworks */,
				428A9B0B29A6849300DFE892 /* Resources */,
				193E1CE4DBF48ACE1F256354 /* [CP] Embed Pods Frameworks */,
			);
			buildRules = (
			);
			dependencies = (
				428A9B0F29A6849300DFE892 /* PBXTargetDependency */,
			);
			name = MarvelCharactersUITests;
			productName = MarvelCharactersUITests;
			productReference = 428A9B0D29A6849300DFE892 /* MarvelCharactersUITests.xctest */;
			productType = "com.apple.product-type.bundle.ui-testing";
		};
/* End PBXNativeTarget section */

/* Begin PBXProject section */
		428A9AE529A6848C00DFE892 /* Project object */ = {
			isa = PBXProject;
			attributes = {
				BuildIndependentTargetsInParallel = 1;
				LastSwiftUpdateCheck = 1420;
				LastUpgradeCheck = 1420;
				TargetAttributes = {
					428A9AEC29A6848C00DFE892 = {
						CreatedOnToolsVersion = 14.2;
					};
					428A9B0229A6849300DFE892 = {
						CreatedOnToolsVersion = 14.2;
						TestTargetID = 428A9AEC29A6848C00DFE892;
					};
					428A9B0C29A6849300DFE892 = {
						CreatedOnToolsVersion = 14.2;
						TestTargetID = 428A9AEC29A6848C00DFE892;
					};
				};
			};
			buildConfigurationList = 428A9AE829A6848C00DFE892 /* Build configuration list for PBXProject "MarvelCharacters" */;
			compatibilityVersion = "Xcode 14.0";
			developmentRegion = en;
			hasScannedForEncodings = 0;
			knownRegions = (
				en,
				Base,
			);
			mainGroup = 428A9AE429A6848C00DFE892;
			productRefGroup = 428A9AEE29A6848C00DFE892 /* Products */;
			projectDirPath = "";
			projectRoot = "";
			targets = (
				428A9AEC29A6848C00DFE892 /* MarvelCharacters */,
				428A9B0229A6849300DFE892 /* MarvelCharactersTests */,
				428A9B0C29A6849300DFE892 /* MarvelCharactersUITests */,
			);
		};
/* End PBXProject section */

/* Begin PBXResourcesBuildPhase section */
		428A9AEB29A6848C00DFE892 /* Resources */ = {
			isa = PBXResourcesBuildPhase;
			buildActionMask = 2147483647;
			files = (
				4280E71429A7D25100A97CB1 /* marvel2.otf in Resources */,
				428A9AFD29A6849200DFE892 /* LaunchScreen.storyboard in Resources */,
				428A9AFA29A6849200DFE892 /* Assets.xcassets in Resources */,
			);
			runOnlyForDeploymentPostprocessing = 0;
		};
		428A9B0129A6849300DFE892 /* Resources */ = {
			isa = PBXResourcesBuildPhase;
			buildActionMask = 2147483647;
			files = (
			);
			runOnlyForDeploymentPostprocessing = 0;
		};
		428A9B0B29A6849300DFE892 /* Resources */ = {
			isa = PBXResourcesBuildPhase;
			buildActionMask = 2147483647;
			files = (
			);
			runOnlyForDeploymentPostprocessing = 0;
		};
/* End PBXResourcesBuildPhase section */

/* Begin PBXShellScriptBuildPhase section */
		03A473F427AEFD4B7681952B /* [CP] Check Pods Manifest.lock */ = {
			isa = PBXShellScriptBuildPhase;
			buildActionMask = 2147483647;
			files = (
			);
			inputFileListPaths = (
			);
			inputPaths = (
				"${PODS_PODFILE_DIR_PATH}/Podfile.lock",
				"${PODS_ROOT}/Manifest.lock",
			);
			name = "[CP] Check Pods Manifest.lock";
			outputFileListPaths = (
			);
			outputPaths = (
				"$(DERIVED_FILE_DIR)/Pods-MarvelCharacters-checkManifestLockResult.txt",
			);
			runOnlyForDeploymentPostprocessing = 0;
			shellPath = /bin/sh;
			shellScript = "diff \"${PODS_PODFILE_DIR_PATH}/Podfile.lock\" \"${PODS_ROOT}/Manifest.lock\" > /dev/null\nif [ $? != 0 ] ; then\n    # print error to STDERR\n    echo \"error: The sandbox is not in sync with the Podfile.lock. Run 'pod install' or update your CocoaPods installation.\" >&2\n    exit 1\nfi\n# This output is used by Xcode 'outputs' to avoid re-running this script phase.\necho \"SUCCESS\" > \"${SCRIPT_OUTPUT_FILE_0}\"\n";
			showEnvVarsInLog = 0;
		};
		193E1CE4DBF48ACE1F256354 /* [CP] Embed Pods Frameworks */ = {
			isa = PBXShellScriptBuildPhase;
			buildActionMask = 2147483647;
			files = (
			);
			inputFileListPaths = (
				"${PODS_ROOT}/Target Support Files/Pods-MarvelCharacters-MarvelCharactersUITests/Pods-MarvelCharacters-MarvelCharactersUITests-frameworks-${CONFIGURATION}-input-files.xcfilelist",
			);
			name = "[CP] Embed Pods Frameworks";
			outputFileListPaths = (
				"${PODS_ROOT}/Target Support Files/Pods-MarvelCharacters-MarvelCharactersUITests/Pods-MarvelCharacters-MarvelCharactersUITests-frameworks-${CONFIGURATION}-output-files.xcfilelist",
			);
			runOnlyForDeploymentPostprocessing = 0;
			shellPath = /bin/sh;
			shellScript = "\"${PODS_ROOT}/Target Support Files/Pods-MarvelCharacters-MarvelCharactersUITests/Pods-MarvelCharacters-MarvelCharactersUITests-frameworks.sh\"\n";
			showEnvVarsInLog = 0;
		};
		5BB8F8242085C8110FEA0174 /* [CP] Check Pods Manifest.lock */ = {
			isa = PBXShellScriptBuildPhase;
			buildActionMask = 2147483647;
			files = (
			);
			inputFileListPaths = (
			);
			inputPaths = (
				"${PODS_PODFILE_DIR_PATH}/Podfile.lock",
				"${PODS_ROOT}/Manifest.lock",
			);
			name = "[CP] Check Pods Manifest.lock";
			outputFileListPaths = (
			);
			outputPaths = (
				"$(DERIVED_FILE_DIR)/Pods-MarvelCharacters-MarvelCharactersUITests-checkManifestLockResult.txt",
			);
			runOnlyForDeploymentPostprocessing = 0;
			shellPath = /bin/sh;
			shellScript = "diff \"${PODS_PODFILE_DIR_PATH}/Podfile.lock\" \"${PODS_ROOT}/Manifest.lock\" > /dev/null\nif [ $? != 0 ] ; then\n    # print error to STDERR\n    echo \"error: The sandbox is not in sync with the Podfile.lock. Run 'pod install' or update your CocoaPods installation.\" >&2\n    exit 1\nfi\n# This output is used by Xcode 'outputs' to avoid re-running this script phase.\necho \"SUCCESS\" > \"${SCRIPT_OUTPUT_FILE_0}\"\n";
			showEnvVarsInLog = 0;
		};
		9CE08FAF93B32F31B8D8C9BC /* [CP] Check Pods Manifest.lock */ = {
			isa = PBXShellScriptBuildPhase;
			buildActionMask = 2147483647;
			files = (
			);
			inputFileListPaths = (
			);
			inputPaths = (
				"${PODS_PODFILE_DIR_PATH}/Podfile.lock",
				"${PODS_ROOT}/Manifest.lock",
			);
			name = "[CP] Check Pods Manifest.lock";
			outputFileListPaths = (
			);
			outputPaths = (
				"$(DERIVED_FILE_DIR)/Pods-MarvelCharactersTests-checkManifestLockResult.txt",
			);
			runOnlyForDeploymentPostprocessing = 0;
			shellPath = /bin/sh;
			shellScript = "diff \"${PODS_PODFILE_DIR_PATH}/Podfile.lock\" \"${PODS_ROOT}/Manifest.lock\" > /dev/null\nif [ $? != 0 ] ; then\n    # print error to STDERR\n    echo \"error: The sandbox is not in sync with the Podfile.lock. Run 'pod install' or update your CocoaPods installation.\" >&2\n    exit 1\nfi\n# This output is used by Xcode 'outputs' to avoid re-running this script phase.\necho \"SUCCESS\" > \"${SCRIPT_OUTPUT_FILE_0}\"\n";
			showEnvVarsInLog = 0;
		};
		B0661C39FE2BC674B094A879 /* [CP] Embed Pods Frameworks */ = {
			isa = PBXShellScriptBuildPhase;
			buildActionMask = 2147483647;
			files = (
			);
			inputFileListPaths = (
				"${PODS_ROOT}/Target Support Files/Pods-MarvelCharacters/Pods-MarvelCharacters-frameworks-${CONFIGURATION}-input-files.xcfilelist",
			);
			name = "[CP] Embed Pods Frameworks";
			outputFileListPaths = (
				"${PODS_ROOT}/Target Support Files/Pods-MarvelCharacters/Pods-MarvelCharacters-frameworks-${CONFIGURATION}-output-files.xcfilelist",
			);
			runOnlyForDeploymentPostprocessing = 0;
			shellPath = /bin/sh;
			shellScript = "\"${PODS_ROOT}/Target Support Files/Pods-MarvelCharacters/Pods-MarvelCharacters-frameworks.sh\"\n";
			showEnvVarsInLog = 0;
		};
/* End PBXShellScriptBuildPhase section */

/* Begin PBXSourcesBuildPhase section */
		428A9AE929A6848C00DFE892 /* Sources */ = {
			isa = PBXSourcesBuildPhase;
			buildActionMask = 2147483647;
			files = (
				426D37E629B0D1FA00D4B734 /* CollectionVC.swift in Sources */,
				4267D15129A7E6EB00671EDF /* Constants.swift in Sources */,
				4267D16229AA353A00671EDF /* UIView+Ext.swift in Sources */,
				42422C7E29ABDB2E0014401A /* MCError.swift in Sources */,
				429C7BFC29B7887500F20E93 /* MCCollectionItemDetailsVC.swift in Sources */,
				42422C7929ABA2AF0014401A /* MCBodyLabel.swift in Sources */,
				4267D15F29AA2F6900671EDF /* MCTitleLabel.swift in Sources */,
				426D37F729B2437500D4B734 /* CreatorList.swift in Sources */,
				426D37E129AFC27400D4B734 /* CharacterDetailsVC.swift in Sources */,
				4267D14E29A7E68700671EDF /* UIFont+Ext.swift in Sources */,
				428A9AF529A6848C00DFE892 /* CharactersListVC.swift in Sources */,
				428A9AF129A6848C00DFE892 /* AppDelegate.swift in Sources */,
				42422C7C29ABD4AF0014401A /* MCImageView.swift in Sources */,
				426D37F329B23AC900D4B734 /* MCCollectionItem.swift in Sources */,
				429C7BFE29BF39C900F20E93 /* MCCreatorTableViewCell.swift in Sources */,
				42422C8029ACFD190014401A /* InfoPlistParser.swift in Sources */,
				426D37EB29B0F72000D4B734 /* MCCollectionViewCell.swift in Sources */,
				4267D15929A8F4AB00671EDF /* MarvelCharacter.swift in Sources */,
				428A9AF329A6848C00DFE892 /* SceneDelegate.swift in Sources */,
				4267D15329A7EA2700671EDF /* UIHelper.swift in Sources */,
				426D37DF29AE1B9B00D4B734 /* SpinningCircleView.swift in Sources */,
				426D37F929B243D200D4B734 /* MCImage.swift in Sources */,
				426D37E329B0B7F800D4B734 /* UIImage+Ext.swift in Sources */,
				426D37FF29B7695300D4B734 /* MCDataLoadingVC.swift in Sources */,
				4267D15D29AA2EDA00671EDF /* MCCharacterCell.swift in Sources */,
				4267D15629A8E8B400671EDF /* NetworkingManager.swift in Sources */,
			);
			runOnlyForDeploymentPostprocessing = 0;
		};
		428A9AFF29A6849300DFE892 /* Sources */ = {
			isa = PBXSourcesBuildPhase;
			buildActionMask = 2147483647;
			files = (
				428A9B0829A6849300DFE892 /* MarvelCharactersTests.swift in Sources */,
			);
			runOnlyForDeploymentPostprocessing = 0;
		};
		428A9B0929A6849300DFE892 /* Sources */ = {
			isa = PBXSourcesBuildPhase;
			buildActionMask = 2147483647;
			files = (
				428A9B1229A6849300DFE892 /* MarvelCharactersUITests.swift in Sources */,
				428A9B1429A6849300DFE892 /* MarvelCharactersUITestsLaunchTests.swift in Sources */,
			);
			runOnlyForDeploymentPostprocessing = 0;
		};
/* End PBXSourcesBuildPhase section */

/* Begin PBXTargetDependency section */
		428A9B0529A6849300DFE892 /* PBXTargetDependency */ = {
			isa = PBXTargetDependency;
			target = 428A9AEC29A6848C00DFE892 /* MarvelCharacters */;
			targetProxy = 428A9B0429A6849300DFE892 /* PBXContainerItemProxy */;
		};
		428A9B0F29A6849300DFE892 /* PBXTargetDependency */ = {
			isa = PBXTargetDependency;
			target = 428A9AEC29A6848C00DFE892 /* MarvelCharacters */;
			targetProxy = 428A9B0E29A6849300DFE892 /* PBXContainerItemProxy */;
		};
/* End PBXTargetDependency section */

/* Begin PBXVariantGroup section */
		428A9AFB29A6849200DFE892 /* LaunchScreen.storyboard */ = {
			isa = PBXVariantGroup;
			children = (
				428A9AFC29A6849200DFE892 /* Base */,
			);
			name = LaunchScreen.storyboard;
			sourceTree = "<group>";
		};
/* End PBXVariantGroup section */

/* Begin XCBuildConfiguration section */
		428A9B1529A6849400DFE892 /* Debug */ = {
			isa = XCBuildConfiguration;
			buildSettings = {
				ALWAYS_SEARCH_USER_PATHS = NO;
				CLANG_ANALYZER_NONNULL = YES;
				CLANG_ANALYZER_NUMBER_OBJECT_CONVERSION = YES_AGGRESSIVE;
				CLANG_CXX_LANGUAGE_STANDARD = "gnu++20";
				CLANG_ENABLE_MODULES = YES;
				CLANG_ENABLE_OBJC_ARC = YES;
				CLANG_ENABLE_OBJC_WEAK = YES;
				CLANG_WARN_BLOCK_CAPTURE_AUTORELEASING = YES;
				CLANG_WARN_BOOL_CONVERSION = YES;
				CLANG_WARN_COMMA = YES;
				CLANG_WARN_CONSTANT_CONVERSION = YES;
				CLANG_WARN_DEPRECATED_OBJC_IMPLEMENTATIONS = YES;
				CLANG_WARN_DIRECT_OBJC_ISA_USAGE = YES_ERROR;
				CLANG_WARN_DOCUMENTATION_COMMENTS = YES;
				CLANG_WARN_EMPTY_BODY = YES;
				CLANG_WARN_ENUM_CONVERSION = YES;
				CLANG_WARN_INFINITE_RECURSION = YES;
				CLANG_WARN_INT_CONVERSION = YES;
				CLANG_WARN_NON_LITERAL_NULL_CONVERSION = YES;
				CLANG_WARN_OBJC_IMPLICIT_RETAIN_SELF = YES;
				CLANG_WARN_OBJC_LITERAL_CONVERSION = YES;
				CLANG_WARN_OBJC_ROOT_CLASS = YES_ERROR;
				CLANG_WARN_QUOTED_INCLUDE_IN_FRAMEWORK_HEADER = YES;
				CLANG_WARN_RANGE_LOOP_ANALYSIS = YES;
				CLANG_WARN_STRICT_PROTOTYPES = YES;
				CLANG_WARN_SUSPICIOUS_MOVE = YES;
				CLANG_WARN_UNGUARDED_AVAILABILITY = YES_AGGRESSIVE;
				CLANG_WARN_UNREACHABLE_CODE = YES;
				CLANG_WARN__DUPLICATE_METHOD_MATCH = YES;
				COPY_PHASE_STRIP = NO;
				DEBUG_INFORMATION_FORMAT = dwarf;
				ENABLE_STRICT_OBJC_MSGSEND = YES;
				ENABLE_TESTABILITY = YES;
				GCC_C_LANGUAGE_STANDARD = gnu11;
				GCC_DYNAMIC_NO_PIC = NO;
				GCC_NO_COMMON_BLOCKS = YES;
				GCC_OPTIMIZATION_LEVEL = 0;
				GCC_PREPROCESSOR_DEFINITIONS = (
					"DEBUG=1",
					"$(inherited)",
				);
				GCC_WARN_64_TO_32_BIT_CONVERSION = YES;
				GCC_WARN_ABOUT_RETURN_TYPE = YES_ERROR;
				GCC_WARN_UNDECLARED_SELECTOR = YES;
				GCC_WARN_UNINITIALIZED_AUTOS = YES_AGGRESSIVE;
				GCC_WARN_UNUSED_FUNCTION = YES;
				GCC_WARN_UNUSED_VARIABLE = YES;
				IPHONEOS_DEPLOYMENT_TARGET = 16.2;
				MTL_ENABLE_DEBUG_INFO = INCLUDE_SOURCE;
				MTL_FAST_MATH = YES;
				ONLY_ACTIVE_ARCH = YES;
				SDKROOT = iphoneos;
				SWIFT_ACTIVE_COMPILATION_CONDITIONS = DEBUG;
				SWIFT_OPTIMIZATION_LEVEL = "-Onone";
			};
			name = Debug;
		};
		428A9B1629A6849400DFE892 /* Release */ = {
			isa = XCBuildConfiguration;
			buildSettings = {
				ALWAYS_SEARCH_USER_PATHS = NO;
				CLANG_ANALYZER_NONNULL = YES;
				CLANG_ANALYZER_NUMBER_OBJECT_CONVERSION = YES_AGGRESSIVE;
				CLANG_CXX_LANGUAGE_STANDARD = "gnu++20";
				CLANG_ENABLE_MODULES = YES;
				CLANG_ENABLE_OBJC_ARC = YES;
				CLANG_ENABLE_OBJC_WEAK = YES;
				CLANG_WARN_BLOCK_CAPTURE_AUTORELEASING = YES;
				CLANG_WARN_BOOL_CONVERSION = YES;
				CLANG_WARN_COMMA = YES;
				CLANG_WARN_CONSTANT_CONVERSION = YES;
				CLANG_WARN_DEPRECATED_OBJC_IMPLEMENTATIONS = YES;
				CLANG_WARN_DIRECT_OBJC_ISA_USAGE = YES_ERROR;
				CLANG_WARN_DOCUMENTATION_COMMENTS = YES;
				CLANG_WARN_EMPTY_BODY = YES;
				CLANG_WARN_ENUM_CONVERSION = YES;
				CLANG_WARN_INFINITE_RECURSION = YES;
				CLANG_WARN_INT_CONVERSION = YES;
				CLANG_WARN_NON_LITERAL_NULL_CONVERSION = YES;
				CLANG_WARN_OBJC_IMPLICIT_RETAIN_SELF = YES;
				CLANG_WARN_OBJC_LITERAL_CONVERSION = YES;
				CLANG_WARN_OBJC_ROOT_CLASS = YES_ERROR;
				CLANG_WARN_QUOTED_INCLUDE_IN_FRAMEWORK_HEADER = YES;
				CLANG_WARN_RANGE_LOOP_ANALYSIS = YES;
				CLANG_WARN_STRICT_PROTOTYPES = YES;
				CLANG_WARN_SUSPICIOUS_MOVE = YES;
				CLANG_WARN_UNGUARDED_AVAILABILITY = YES_AGGRESSIVE;
				CLANG_WARN_UNREACHABLE_CODE = YES;
				CLANG_WARN__DUPLICATE_METHOD_MATCH = YES;
				COPY_PHASE_STRIP = NO;
				DEBUG_INFORMATION_FORMAT = "dwarf-with-dsym";
				ENABLE_NS_ASSERTIONS = NO;
				ENABLE_STRICT_OBJC_MSGSEND = YES;
				GCC_C_LANGUAGE_STANDARD = gnu11;
				GCC_NO_COMMON_BLOCKS = YES;
				GCC_WARN_64_TO_32_BIT_CONVERSION = YES;
				GCC_WARN_ABOUT_RETURN_TYPE = YES_ERROR;
				GCC_WARN_UNDECLARED_SELECTOR = YES;
				GCC_WARN_UNINITIALIZED_AUTOS = YES_AGGRESSIVE;
				GCC_WARN_UNUSED_FUNCTION = YES;
				GCC_WARN_UNUSED_VARIABLE = YES;
				IPHONEOS_DEPLOYMENT_TARGET = 16.2;
				MTL_ENABLE_DEBUG_INFO = NO;
				MTL_FAST_MATH = YES;
				SDKROOT = iphoneos;
				SWIFT_COMPILATION_MODE = wholemodule;
				SWIFT_OPTIMIZATION_LEVEL = "-O";
				VALIDATE_PRODUCT = YES;
			};
			name = Release;
		};
		428A9B1829A6849400DFE892 /* Debug */ = {
			isa = XCBuildConfiguration;
			baseConfigurationReference = 2B4B9C5DC60395B93F9F8A7E /* Pods-MarvelCharacters.debug.xcconfig */;
			buildSettings = {
				ASSETCATALOG_COMPILER_APPICON_NAME = AppIcon;
				ASSETCATALOG_COMPILER_GLOBAL_ACCENT_COLOR_NAME = AccentColor;
				CODE_SIGN_STYLE = Automatic;
				CURRENT_PROJECT_VERSION = 1;
				DEVELOPMENT_TEAM = 3FACLSXXJM;
				GENERATE_INFOPLIST_FILE = YES;
				INFOPLIST_FILE = MarvelCharacters/Info.plist;
				INFOPLIST_KEY_UIApplicationSupportsIndirectInputEvents = YES;
				INFOPLIST_KEY_UISupportedInterfaceOrientations = UIInterfaceOrientationPortrait;
				INFOPLIST_KEY_UISupportedInterfaceOrientations_iPad = "UIInterfaceOrientationLandscapeLeft UIInterfaceOrientationLandscapeRight UIInterfaceOrientationPortrait UIInterfaceOrientationPortraitUpsideDown";
				LD_RUNPATH_SEARCH_PATHS = (
					"$(inherited)",
					"@executable_path/Frameworks",
				);
				MARKETING_VERSION = 1.0;
				PRODUCT_BUNDLE_IDENTIFIER = com.jakubzajda.MarvelCharacters;
				PRODUCT_NAME = "$(TARGET_NAME)";
				SUPPORTED_PLATFORMS = "iphoneos iphonesimulator";
				SUPPORTS_MACCATALYST = NO;
				SUPPORTS_MAC_DESIGNED_FOR_IPHONE_IPAD = NO;
				SWIFT_EMIT_LOC_STRINGS = YES;
				SWIFT_VERSION = 5.0;
				TARGETED_DEVICE_FAMILY = 1;
			};
			name = Debug;
		};
		428A9B1929A6849400DFE892 /* Release */ = {
			isa = XCBuildConfiguration;
			baseConfigurationReference = CC9CAE5C328918A8E9CF842C /* Pods-MarvelCharacters.release.xcconfig */;
			buildSettings = {
				ASSETCATALOG_COMPILER_APPICON_NAME = AppIcon;
				ASSETCATALOG_COMPILER_GLOBAL_ACCENT_COLOR_NAME = AccentColor;
				CODE_SIGN_STYLE = Automatic;
				CURRENT_PROJECT_VERSION = 1;
				DEVELOPMENT_TEAM = 3FACLSXXJM;
				GENERATE_INFOPLIST_FILE = YES;
				INFOPLIST_FILE = MarvelCharacters/Info.plist;
				INFOPLIST_KEY_UIApplicationSupportsIndirectInputEvents = YES;
				INFOPLIST_KEY_UISupportedInterfaceOrientations = UIInterfaceOrientationPortrait;
				INFOPLIST_KEY_UISupportedInterfaceOrientations_iPad = "UIInterfaceOrientationLandscapeLeft UIInterfaceOrientationLandscapeRight UIInterfaceOrientationPortrait UIInterfaceOrientationPortraitUpsideDown";
				LD_RUNPATH_SEARCH_PATHS = (
					"$(inherited)",
					"@executable_path/Frameworks",
				);
				MARKETING_VERSION = 1.0;
				PRODUCT_BUNDLE_IDENTIFIER = com.jakubzajda.MarvelCharacters;
				PRODUCT_NAME = "$(TARGET_NAME)";
				SUPPORTED_PLATFORMS = "iphoneos iphonesimulator";
				SUPPORTS_MACCATALYST = NO;
				SUPPORTS_MAC_DESIGNED_FOR_IPHONE_IPAD = NO;
				SWIFT_EMIT_LOC_STRINGS = YES;
				SWIFT_VERSION = 5.0;
				TARGETED_DEVICE_FAMILY = 1;
			};
			name = Release;
		};
		428A9B1B29A6849400DFE892 /* Debug */ = {
			isa = XCBuildConfiguration;
			baseConfigurationReference = 33D7A4CE1FA34F742751F30D /* Pods-MarvelCharactersTests.debug.xcconfig */;
			buildSettings = {
				ALWAYS_EMBED_SWIFT_STANDARD_LIBRARIES = YES;
				BUNDLE_LOADER = "$(TEST_HOST)";
				CODE_SIGN_STYLE = Automatic;
				CURRENT_PROJECT_VERSION = 1;
				DEVELOPMENT_TEAM = 3FACLSXXJM;
				GENERATE_INFOPLIST_FILE = YES;
				IPHONEOS_DEPLOYMENT_TARGET = 16.2;
				MARKETING_VERSION = 1.0;
				PRODUCT_BUNDLE_IDENTIFIER = com.jakubzajda.MarvelCharactersTests;
				PRODUCT_NAME = "$(TARGET_NAME)";
				SWIFT_EMIT_LOC_STRINGS = NO;
				SWIFT_VERSION = 5.0;
				TARGETED_DEVICE_FAMILY = "1,2";
				TEST_HOST = "$(BUILT_PRODUCTS_DIR)/MarvelCharacters.app/$(BUNDLE_EXECUTABLE_FOLDER_PATH)/MarvelCharacters";
			};
			name = Debug;
		};
		428A9B1C29A6849400DFE892 /* Release */ = {
			isa = XCBuildConfiguration;
			baseConfigurationReference = 2D45D862D0728EA9C0070C11 /* Pods-MarvelCharactersTests.release.xcconfig */;
			buildSettings = {
				ALWAYS_EMBED_SWIFT_STANDARD_LIBRARIES = YES;
				BUNDLE_LOADER = "$(TEST_HOST)";
				CODE_SIGN_STYLE = Automatic;
				CURRENT_PROJECT_VERSION = 1;
				DEVELOPMENT_TEAM = 3FACLSXXJM;
				GENERATE_INFOPLIST_FILE = YES;
				IPHONEOS_DEPLOYMENT_TARGET = 16.2;
				MARKETING_VERSION = 1.0;
				PRODUCT_BUNDLE_IDENTIFIER = com.jakubzajda.MarvelCharactersTests;
				PRODUCT_NAME = "$(TARGET_NAME)";
				SWIFT_EMIT_LOC_STRINGS = NO;
				SWIFT_VERSION = 5.0;
				TARGETED_DEVICE_FAMILY = "1,2";
				TEST_HOST = "$(BUILT_PRODUCTS_DIR)/MarvelCharacters.app/$(BUNDLE_EXECUTABLE_FOLDER_PATH)/MarvelCharacters";
			};
			name = Release;
		};
		428A9B1E29A6849400DFE892 /* Debug */ = {
			isa = XCBuildConfiguration;
			baseConfigurationReference = 245846051AA48AA34E5FA84E /* Pods-MarvelCharacters-MarvelCharactersUITests.debug.xcconfig */;
			buildSettings = {
				ALWAYS_EMBED_SWIFT_STANDARD_LIBRARIES = YES;
				CODE_SIGN_STYLE = Automatic;
				CURRENT_PROJECT_VERSION = 1;
				DEVELOPMENT_TEAM = 3FACLSXXJM;
				GENERATE_INFOPLIST_FILE = YES;
				MARKETING_VERSION = 1.0;
				PRODUCT_BUNDLE_IDENTIFIER = com.jakubzajda.MarvelCharactersUITests;
				PRODUCT_NAME = "$(TARGET_NAME)";
				SWIFT_EMIT_LOC_STRINGS = NO;
				SWIFT_VERSION = 5.0;
				TARGETED_DEVICE_FAMILY = "1,2";
				TEST_TARGET_NAME = MarvelCharacters;
			};
			name = Debug;
		};
		428A9B1F29A6849400DFE892 /* Release */ = {
			isa = XCBuildConfiguration;
			baseConfigurationReference = 24AE3FE3EB4F38B09A2B3E5B /* Pods-MarvelCharacters-MarvelCharactersUITests.release.xcconfig */;
			buildSettings = {
				ALWAYS_EMBED_SWIFT_STANDARD_LIBRARIES = YES;
				CODE_SIGN_STYLE = Automatic;
				CURRENT_PROJECT_VERSION = 1;
				DEVELOPMENT_TEAM = 3FACLSXXJM;
				GENERATE_INFOPLIST_FILE = YES;
				MARKETING_VERSION = 1.0;
				PRODUCT_BUNDLE_IDENTIFIER = com.jakubzajda.MarvelCharactersUITests;
				PRODUCT_NAME = "$(TARGET_NAME)";
				SWIFT_EMIT_LOC_STRINGS = NO;
				SWIFT_VERSION = 5.0;
				TARGETED_DEVICE_FAMILY = "1,2";
				TEST_TARGET_NAME = MarvelCharacters;
			};
			name = Release;
		};
/* End XCBuildConfiguration section */

/* Begin XCConfigurationList section */
		428A9AE829A6848C00DFE892 /* Build configuration list for PBXProject "MarvelCharacters" */ = {
			isa = XCConfigurationList;
			buildConfigurations = (
				428A9B1529A6849400DFE892 /* Debug */,
				428A9B1629A6849400DFE892 /* Release */,
			);
			defaultConfigurationIsVisible = 0;
			defaultConfigurationName = Release;
		};
		428A9B1729A6849400DFE892 /* Build configuration list for PBXNativeTarget "MarvelCharacters" */ = {
			isa = XCConfigurationList;
			buildConfigurations = (
				428A9B1829A6849400DFE892 /* Debug */,
				428A9B1929A6849400DFE892 /* Release */,
			);
			defaultConfigurationIsVisible = 0;
			defaultConfigurationName = Release;
		};
		428A9B1A29A6849400DFE892 /* Build configuration list for PBXNativeTarget "MarvelCharactersTests" */ = {
			isa = XCConfigurationList;
			buildConfigurations = (
				428A9B1B29A6849400DFE892 /* Debug */,
				428A9B1C29A6849400DFE892 /* Release */,
			);
			defaultConfigurationIsVisible = 0;
			defaultConfigurationName = Release;
		};
		428A9B1D29A6849400DFE892 /* Build configuration list for PBXNativeTarget "MarvelCharactersUITests" */ = {
			isa = XCConfigurationList;
			buildConfigurations = (
				428A9B1E29A6849400DFE892 /* Debug */,
				428A9B1F29A6849400DFE892 /* Release */,
			);
			defaultConfigurationIsVisible = 0;
			defaultConfigurationName = Release;
		};
/* End XCConfigurationList section */
	};
	rootObject = 428A9AE529A6848C00DFE892 /* Project object */;
}
